// !$*UTF8*$!
{
	archiveVersion = 1;
	classes = {
	};
	objectVersion = 46;
	objects = {

/* Begin PBXBuildFile section */
		7EE722241D6461010038782A /* main.m in Sources */ = {isa = PBXBuildFile; fileRef = 7EE722231D6461010038782A /* main.m */; };
		7EE722271D6461010038782A /* AppDelegate.m in Sources */ = {isa = PBXBuildFile; fileRef = 7EE722261D6461010038782A /* AppDelegate.m */; };
		7EE7222A1D6461010038782A /* ViewController.m in Sources */ = {isa = PBXBuildFile; fileRef = 7EE722291D6461010038782A /* ViewController.m */; };
		7EE7222D1D6461010038782A /* Main.storyboard in Resources */ = {isa = PBXBuildFile; fileRef = 7EE7222B1D6461010038782A /* Main.storyboard */; };
		7EE7222F1D6461010038782A /* Assets.xcassets in Resources */ = {isa = PBXBuildFile; fileRef = 7EE7222E1D6461010038782A /* Assets.xcassets */; };
		7EE722321D6461020038782A /* LaunchScreen.storyboard in Resources */ = {isa = PBXBuildFile; fileRef = 7EE722301D6461020038782A /* LaunchScreen.storyboard */; };
/* End PBXBuildFile section */

/* Begin PBXFileReference section */
		7EE7221F1D6461010038782A /* test223.app */ = {isa = PBXFileReference; explicitFileType = wrapper.application; includeInIndex = 0; path = test223.app; sourceTree = BUILT_PRODUCTS_DIR; };
		7EE722231D6461010038782A /* main.m */ = {isa = PBXFileReference; lastKnownFileType = sourcecode.c.objc; path = main.m; sourceTree = "<group>"; };
		7EE722251D6461010038782A /* AppDelegate.h */ = {isa = PBXFileReference; lastKnownFileType = sourcecode.c.h; path = AppDelegate.h; sourceTree = "<group>"; };
		7EE722261D6461010038782A /* AppDelegate.m */ = {isa = PBXFileReference; lastKnownFileType = sourcecode.c.objc; path = AppDelegate.m; sourceTree = "<group>"; };
		7EE722281D6461010038782A /* ViewController.h */ = {isa = PBXFileReference; lastKnownFileType = sourcecode.c.h; path = ViewController.h; sourceTree = "<group>"; };
		7EE722291D6461010038782A /* ViewController.m */ = {isa = PBXFileReference; lastKnownFileType = sourcecode.c.objc; path = ViewController.m; sourceTree = "<group>"; };
		7EE7222C1D6461010038782A /* Base */ = {isa = PBXFileReference; lastKnownFileType = file.storyboard; name = Base; path = Base.lproj/Main.storyboard; sourceTree = "<group>"; };
		7EE7222E1D6461010038782A /* Assets.xcassets */ = {isa = PBXFileReference; lastKnownFileType = folder.assetcatalog; path = Assets.xcassets; sourceTree = "<group>"; };
		7EE722311D6461020038782A /* Base */ = {isa = PBXFileReference; lastKnownFileType = file.storyboard; name = Base; path = Base.lproj/LaunchScreen.storyboard; sourceTree = "<group>"; };
		7EE722331D6461020038782A /* Info.plist */ = {isa = PBXFileReference; lastKnownFileType = text.plist.xml; path = Info.plist; sourceTree = "<group>"; };
/* End PBXFileReference section */

/* Begin PBXFrameworksBuildPhase section */
		7EE7221C1D6461010038782A /* Frameworks */ = {
			isa = PBXFrameworksBuildPhase;
			buildActionMask = 2147483647;
			files = (
			);
			runOnlyForDeploymentPostprocessing = 0;
		};
/* End PBXFrameworksBuildPhase section */

/* Begin PBXGroup section */
		7EE722161D6461010038782A = {
			isa = PBXGroup;
			children = (
				7EE722211D6461010038782A /* test223 */,
				7EE722201D6461010038782A /* Products */,
			);
			sourceTree = "<group>";
		};
		7EE722201D6461010038782A /* Products */ = {
			isa = PBXGroup;
			children = (
				7EE7221F1D6461010038782A /* test223.app */,
			);
			name = Products;
			sourceTree = "<group>";
		};
		7EE722211D6461010038782A /* test223 */ = {
			isa = PBXGroup;
			children = (
				7EE722251D6461010038782A /* AppDelegate.h */,
				7EE722261D6461010038782A /* AppDelegate.m */,
				7EE722281D6461010038782A /* ViewController.h */,
				7EE722291D6461010038782A /* ViewController.m */,
				7EE7222B1D6461010038782A /* Main.storyboard */,
				7EE7222E1D6461010038782A /* Assets.xcassets */,
				7EE722301D6461020038782A /* LaunchScreen.storyboard */,
				7EE722331D6461020038782A /* Info.plist */,
				7EE722221D6461010038782A /* Supporting Files */,
			);
			path = test223;
			sourceTree = "<group>";
		};
		7EE722221D6461010038782A /* Supporting Files */ = {
			isa = PBXGroup;
			children = (
				7EE722231D6461010038782A /* main.m */,
			);
			name = "Supporting Files";
			sourceTree = "<group>";
		};
/* End PBXGroup section */

/* Begin PBXNativeTarget section */
		7EE7221E1D6461010038782A /* test223 */ = {
			isa = PBXNativeTarget;
			buildConfigurationList = 7EE722361D6461020038782A /* Build configuration list for PBXNativeTarget "test223" */;
			buildPhases = (
				7EE7221B1D6461010038782A /* Sources */,
				7EE7221C1D6461010038782A /* Frameworks */,
				7EE7221D1D6461010038782A /* Resources */,
			);
			buildRules = (
			);
			dependencies = (
			);
			name = test223;
			productName = test223;
			productReference = 7EE7221F1D6461010038782A /* test223.app */;
			productType = "com.apple.product-type.application";
		};
/* End PBXNativeTarget section */

/* Begin PBXProject section */
		7EE722171D6461010038782A /* Project object */ = {
			isa = PBXProject;
			attributes = {
				LastUpgradeCheck = 0730;
				ORGANIZATIONNAME = "李威";
				TargetAttributes = {
					7EE7221E1D6461010038782A = {
						CreatedOnToolsVersion = 7.3.1;
						DevelopmentTeam = 29H8NQ9PBB;
					};
				};
			};
			buildConfigurationList = 7EE7221A1D6461010038782A /* Build configuration list for PBXProject "test223" */;
			compatibilityVersion = "Xcode 3.2";
			developmentRegion = English;
			hasScannedForEncodings = 0;
			knownRegions = (
				en,
				Base,
			);
			mainGroup = 7EE722161D6461010038782A;
			productRefGroup = 7EE722201D6461010038782A /* Products */;
			projectDirPath = "";
			projectRoot = "";
			targets = (
				7EE7221E1D6461010038782A /* test223 */,
			);
		};
/* End PBXProject section */

/* Begin PBXResourcesBuildPhase section */
		7EE7221D1D6461010038782A /* Resources */ = {
			isa = PBXResourcesBuildPhase;
			buildActionMask = 2147483647;
			files = (
				7EE722321D6461020038782A /* LaunchScreen.storyboard in Resources */,
				7EE7222F1D6461010038782A /* Assets.xcassets in Resources */,
				7EE7222D1D6461010038782A /* Main.storyboard in Resources */,
			);
			runOnlyForDeploymentPostprocessing = 0;
		};
/* End PBXResourcesBuildPhase section */

/* Begin PBXSourcesBuildPhase section */
		7EE7221B1D6461010038782A /* Sources */ = {
			isa = PBXSourcesBuildPhase;
			buildActionMask = 2147483647;
			files = (
				7EE7222A1D6461010038782A /* ViewController.m in Sources */,
				7EE722271D6461010038782A /* AppDelegate.m in Sources */,
				7EE722241D6461010038782A /* main.m in Sources */,
			);
			runOnlyForDeploymentPostprocessing = 0;
		};
/* End PBXSourcesBuildPhase section */

/* Begin PBXVariantGroup section */
		7EE7222B1D6461010038782A /* Main.storyboard */ = {
			isa = PBXVariantGroup;
			children = (
				7EE7222C1D6461010038782A /* Base */,
			);
			name = Main.storyboard;
			sourceTree = "<group>";
		};
		7EE722301D6461020038782A /* LaunchScreen.storyboard */ = {
			isa = PBXVariantGroup;
			children = (
				7EE722311D6461020038782A /* Base */,
			);
			name = LaunchScreen.storyboard;
			sourceTree = "<group>";
		};
/* End PBXVariantGroup section */

/* Begin XCBuildConfiguration section */
		7EE722341D6461020038782A /* Debug */ = {
			isa = XCBuildConfiguration;
			buildSettings = {
				ALWAYS_SEARCH_USER_PATHS = NO;
				CLANG_ANALYZER_NONNULL = YES;
				CLANG_CXX_LANGUAGE_STANDARD = "gnu++0x";
				CLANG_CXX_LIBRARY = "libc++";
				CLANG_ENABLE_MODULES = YES;
				CLANG_ENABLE_OBJC_ARC = YES;
				CLANG_WARN_BOOL_CONVERSION = YES;
				CLANG_WARN_CONSTANT_CONVERSION = YES;
				CLANG_WARN_DIRECT_OBJC_ISA_USAGE = YES_ERROR;
				CLANG_WARN_EMPTY_BODY = YES;
				CLANG_WARN_ENUM_CONVERSION = YES;
				CLANG_WARN_INT_CONVERSION = YES;
				CLANG_WARN_OBJC_ROOT_CLASS = YES_ERROR;
				CLANG_WARN_UNREACHABLE_CODE = YES;
				CLANG_WARN__DUPLICATE_METHOD_MATCH = YES;
				"CODE_SIGN_IDENTITY[sdk=iphoneos*]" = "iPhone Developer";
				COPY_PHASE_STRIP = NO;
				DEBUG_INFORMATION_FORMAT = dwarf;
				ENABLE_STRICT_OBJC_MSGSEND = YES;
				ENABLE_TESTABILITY = YES;
				GCC_C_LANGUAGE_STANDARD = gnu99;
				GCC_DYNAMIC_NO_PIC = NO;
				GCC_NO_COMMON_BLOCKS = YES;
				GCC_OPTIMIZATION_LEVEL = 0;
				GCC_PREPROCESSOR_DEFINITIONS = (
					"DEBUG=1",
					"$(inherited)",
				);
				GCC_WARN_64_TO_32_BIT_CONVERSION = YES;
				GCC_WARN_ABOUT_RETURN_TYPE = YES_ERROR;
				GCC_WARN_UNDECLARED_SELECTOR = YES;
				GCC_WARN_UNINITIALIZED_AUTOS = YES_AGGRESSIVE;
				GCC_WARN_UNUSED_FUNCTION = YES;
				GCC_WARN_UNUSED_VARIABLE = YES;
				IPHONEOS_DEPLOYMENT_TARGET = 9.3;
				MTL_ENABLE_DEBUG_INFO = YES;
				ONLY_ACTIVE_ARCH = YES;
				SDKROOT = iphoneos;
				TARGETED_DEVICE_FAMILY = "1,2";
			};
			name = Debug;
		};
		7EE722351D6461020038782A /* Release */ = {
			isa = XCBuildConfiguration;
			buildSettings = {
				ALWAYS_SEARCH_USER_PATHS = NO;
				CLANG_ANALYZER_NONNULL = YES;
				CLANG_CXX_LANGUAGE_STANDARD = "gnu++0x";
				CLANG_CXX_LIBRARY = "libc++";
				CLANG_ENABLE_MODULES = YES;
				CLANG_ENABLE_OBJC_ARC = YES;
				CLANG_WARN_BOOL_CONVERSION = YES;
				CLANG_WARN_CONSTANT_CONVERSION = YES;
				CLANG_WARN_DIRECT_OBJC_ISA_USAGE = YES_ERROR;
				CLANG_WARN_EMPTY_BODY = YES;
				CLANG_WARN_ENUM_CONVERSION = YES;
				CLANG_WARN_INT_CONVERSION = YES;
				CLANG_WARN_OBJC_ROOT_CLASS = YES_ERROR;
				CLANG_WARN_UNREACHABLE_CODE = YES;
				CLANG_WARN__DUPLICATE_METHOD_MATCH = YES;
				"CODE_SIGN_IDENTITY[sdk=iphoneos*]" = "iPhone Developer";
				COPY_PHASE_STRIP = NO;
				DEBUG_INFORMATION_FORMAT = "dwarf-with-dsym";
				ENABLE_NS_ASSERTIONS = NO;
				ENABLE_STRICT_OBJC_MSGSEND = YES;
				GCC_C_LANGUAGE_STANDARD = gnu99;
				GCC_NO_COMMON_BLOCKS = YES;
				GCC_WARN_64_TO_32_BIT_CONVERSION = YES;
				GCC_WARN_ABOUT_RETURN_TYPE = YES_ERROR;
				GCC_WARN_UNDECLARED_SELECTOR = YES;
				GCC_WARN_UNINITIALIZED_AUTOS = YES_AGGRESSIVE;
				GCC_WARN_UNUSED_FUNCTION = YES;
				GCC_WARN_UNUSED_VARIABLE = YES;
				IPHONEOS_DEPLOYMENT_TARGET = 9.3;
				MTL_ENABLE_DEBUG_INFO = NO;
				SDKROOT = iphoneos;
				TARGETED_DEVICE_FAMILY = "1,2";
				VALIDATE_PRODUCT = YES;
			};
			name = Release;
		};
		7EE722371D6461020038782A /* Debug */ = {
			isa = XCBuildConfiguration;
			buildSettings = {
				ASSETCATALOG_COMPILER_APPICON_NAME = AppIcon;
				INFOPLIST_FILE = test223/Info.plist;
				LD_RUNPATH_SEARCH_PATHS = "$(inherited) @executable_path/Frameworks";
				PRODUCT_BUNDLE_IDENTIFIER = "--.test223";
				PRODUCT_NAME = "$(TARGET_NAME)";
			};
			name = Debug;
		};
		7EE722381D6461020038782A /* Release */ = {
			isa = XCBuildConfiguration;
			buildSettings = {
				ASSETCATALOG_COMPILER_APPICON_NAME = AppIcon;
				INFOPLIST_FILE = test223/Info.plist;
				LD_RUNPATH_SEARCH_PATHS = "$(inherited) @executable_path/Frameworks";
				PRODUCT_BUNDLE_IDENTIFIER = "--.test223";
				PRODUCT_NAME = "$(TARGET_NAME)";
			};
			name = Release;
		};
/* End XCBuildConfiguration section */

/* Begin XCConfigurationList section */
		7EE7221A1D6461010038782A /* Build configuration list for PBXProject "test223" */ = {
			isa = XCConfigurationList;
			buildConfigurations = (
				7EE722341D6461020038782A /* Debug */,
				7EE722351D6461020038782A /* Release */,
			);
			defaultConfigurationIsVisible = 0;
			defaultConfigurationName = Release;
		};
		7EE722361D6461020038782A /* Build configuration list for PBXNativeTarget "test223" */ = {
			isa = XCConfigurationList;
			buildConfigurations = (
				7EE722371D6461020038782A /* Debug */,
				7EE722381D6461020038782A /* Release */,
			);
			defaultConfigurationIsVisible = 0;
		};
/* End XCConfigurationList section */
	};
	rootObject = 7EE722171D6461010038782A /* Project object */;
}
