// !$*UTF8*$!
{
	archiveVersion = 1;
	classes = {
	};
	objectVersion = 46;
	objects = {

/* Begin PBXBuildFile section */
		7ED438DD1D658FC4002939B7 /* main.m in Sources */ = {isa = PBXBuildFile; fileRef = 7ED438DC1D658FC4002939B7 /* main.m */; };
		7ED438E01D658FC4002939B7 /* AppDelegate.m in Sources */ = {isa = PBXBuildFile; fileRef = 7ED438DF1D658FC4002939B7 /* AppDelegate.m */; };
		7ED438E31D658FC4002939B7 /* ViewController.m in Sources */ = {isa = PBXBuildFile; fileRef = 7ED438E21D658FC4002939B7 /* ViewController.m */; };
		7ED438E61D658FC4002939B7 /* Main.storyboard in Resources */ = {isa = PBXBuildFile; fileRef = 7ED438E41D658FC4002939B7 /* Main.storyboard */; };
		7ED438E81D658FC4002939B7 /* Assets.xcassets in Resources */ = {isa = PBXBuildFile; fileRef = 7ED438E71D658FC4002939B7 /* Assets.xcassets */; };
		7ED438EB1D658FC4002939B7 /* LaunchScreen.storyboard in Resources */ = {isa = PBXBuildFile; fileRef = 7ED438E91D658FC4002939B7 /* LaunchScreen.storyboard */; };
/* End PBXBuildFile section */

/* Begin PBXFileReference section */
		7ED438D81D658FC4002939B7 /* test1122.app */ = {isa = PBXFileReference; explicitFileType = wrapper.application; includeInIndex = 0; path = test1122.app; sourceTree = BUILT_PRODUCTS_DIR; };
		7ED438DC1D658FC4002939B7 /* main.m */ = {isa = PBXFileReference; lastKnownFileType = sourcecode.c.objc; path = main.m; sourceTree = "<group>"; };
		7ED438DE1D658FC4002939B7 /* AppDelegate.h */ = {isa = PBXFileReference; lastKnownFileType = sourcecode.c.h; path = AppDelegate.h; sourceTree = "<group>"; };
		7ED438DF1D658FC4002939B7 /* AppDelegate.m */ = {isa = PBXFileReference; lastKnownFileType = sourcecode.c.objc; path = AppDelegate.m; sourceTree = "<group>"; };
		7ED438E11D658FC4002939B7 /* ViewController.h */ = {isa = PBXFileReference; lastKnownFileType = sourcecode.c.h; path = ViewController.h; sourceTree = "<group>"; };
		7ED438E21D658FC4002939B7 /* ViewController.m */ = {isa = PBXFileReference; lastKnownFileType = sourcecode.c.objc; path = ViewController.m; sourceTree = "<group>"; };
		7ED438E51D658FC4002939B7 /* Base */ = {isa = PBXFileReference; lastKnownFileType = file.storyboard; name = Base; path = Base.lproj/Main.storyboard; sourceTree = "<group>"; };
		7ED438E71D658FC4002939B7 /* Assets.xcassets */ = {isa = PBXFileReference; lastKnownFileType = folder.assetcatalog; path = Assets.xcassets; sourceTree = "<group>"; };
		7ED438EA1D658FC4002939B7 /* Base */ = {isa = PBXFileReference; lastKnownFileType = file.storyboard; name = Base; path = Base.lproj/LaunchScreen.storyboard; sourceTree = "<group>"; };
		7ED438EC1D658FC4002939B7 /* Info.plist */ = {isa = PBXFileReference; lastKnownFileType = text.plist.xml; path = Info.plist; sourceTree = "<group>"; };
/* End PBXFileReference section */

/* Begin PBXFrameworksBuildPhase section */
		7ED438D51D658FC4002939B7 /* Frameworks */ = {
			isa = PBXFrameworksBuildPhase;
			buildActionMask = 2147483647;
			files = (
			);
			runOnlyForDeploymentPostprocessing = 0;
		};
/* End PBXFrameworksBuildPhase section */

/* Begin PBXGroup section */
		7ED438CF1D658FC4002939B7 = {
			isa = PBXGroup;
			children = (
				7ED438DA1D658FC4002939B7 /* test1122 */,
				7ED438D91D658FC4002939B7 /* Products */,
			);
			sourceTree = "<group>";
		};
		7ED438D91D658FC4002939B7 /* Products */ = {
			isa = PBXGroup;
			children = (
				7ED438D81D658FC4002939B7 /* test1122.app */,
			);
			name = Products;
			sourceTree = "<group>";
		};
		7ED438DA1D658FC4002939B7 /* test1122 */ = {
			isa = PBXGroup;
			children = (
				7ED438DE1D658FC4002939B7 /* AppDelegate.h */,
				7ED438DF1D658FC4002939B7 /* AppDelegate.m */,
				7ED438E11D658FC4002939B7 /* ViewController.h */,
				7ED438E21D658FC4002939B7 /* ViewController.m */,
				7ED438E41D658FC4002939B7 /* Main.storyboard */,
				7ED438E71D658FC4002939B7 /* Assets.xcassets */,
				7ED438E91D658FC4002939B7 /* LaunchScreen.storyboard */,
				7ED438EC1D658FC4002939B7 /* Info.plist */,
				7ED438DB1D658FC4002939B7 /* Supporting Files */,
			);
			path = test1122;
			sourceTree = "<group>";
		};
		7ED438DB1D658FC4002939B7 /* Supporting Files */ = {
			isa = PBXGroup;
			children = (
				7ED438DC1D658FC4002939B7 /* main.m */,
			);
			name = "Supporting Files";
			sourceTree = "<group>";
		};
/* End PBXGroup section */

/* Begin PBXNativeTarget section */
		7ED438D71D658FC4002939B7 /* test1122 */ = {
			isa = PBXNativeTarget;
			buildConfigurationList = 7ED438EF1D658FC4002939B7 /* Build configuration list for PBXNativeTarget "test1122" */;
			buildPhases = (
				7ED438D41D658FC4002939B7 /* Sources */,
				7ED438D51D658FC4002939B7 /* Frameworks */,
				7ED438D61D658FC4002939B7 /* Resources */,
			);
			buildRules = (
			);
			dependencies = (
			);
			name = test1122;
			productName = test1122;
			productReference = 7ED438D81D658FC4002939B7 /* test1122.app */;
			productType = "com.apple.product-type.application";
		};
/* End PBXNativeTarget section */

/* Begin PBXProject section */
		7ED438D01D658FC4002939B7 /* Project object */ = {
			isa = PBXProject;
			attributes = {
				LastUpgradeCheck = 0730;
				ORGANIZATIONNAME = "李威";
				TargetAttributes = {
					7ED438D71D658FC4002939B7 = {
						CreatedOnToolsVersion = 7.3.1;
						DevelopmentTeam = 29H8NQ9PBB;
					};
				};
			};
			buildConfigurationList = 7ED438D31D658FC4002939B7 /* Build configuration list for PBXProject "test1122" */;
			compatibilityVersion = "Xcode 3.2";
			developmentRegion = English;
			hasScannedForEncodings = 0;
			knownRegions = (
				en,
				Base,
			);
			mainGroup = 7ED438CF1D658FC4002939B7;
			productRefGroup = 7ED438D91D658FC4002939B7 /* Products */;
			projectDirPath = "";
			projectRoot = "";
			targets = (
				7ED438D71D658FC4002939B7 /* test1122 */,
			);
		};
/* End PBXProject section */

/* Begin PBXResourcesBuildPhase section */
		7ED438D61D658FC4002939B7 /* Resources */ = {
			isa = PBXResourcesBuildPhase;
			buildActionMask = 2147483647;
			files = (
				7ED438EB1D658FC4002939B7 /* LaunchScreen.storyboard in Resources */,
				7ED438E81D658FC4002939B7 /* Assets.xcassets in Resources */,
				7ED438E61D658FC4002939B7 /* Main.storyboard in Resources */,
			);
			runOnlyForDeploymentPostprocessing = 0;
		};
/* End PBXResourcesBuildPhase section */

/* Begin PBXSourcesBuildPhase section */
		7ED438D41D658FC4002939B7 /* Sources */ = {
			isa = PBXSourcesBuildPhase;
			buildActionMask = 2147483647;
			files = (
				7ED438E31D658FC4002939B7 /* ViewController.m in Sources */,
				7ED438E01D658FC4002939B7 /* AppDelegate.m in Sources */,
				7ED438DD1D658FC4002939B7 /* main.m in Sources */,
			);
			runOnlyForDeploymentPostprocessing = 0;
		};
/* End PBXSourcesBuildPhase section */

/* Begin PBXVariantGroup section */
		7ED438E41D658FC4002939B7 /* Main.storyboard */ = {
			isa = PBXVariantGroup;
			children = (
				7ED438E51D658FC4002939B7 /* Base */,
			);
			name = Main.storyboard;
			sourceTree = "<group>";
		};
		7ED438E91D658FC4002939B7 /* LaunchScreen.storyboard */ = {
			isa = PBXVariantGroup;
			children = (
				7ED438EA1D658FC4002939B7 /* Base */,
			);
			name = LaunchScreen.storyboard;
			sourceTree = "<group>";
		};
/* End PBXVariantGroup section */

/* Begin XCBuildConfiguration section */
		7ED438ED1D658FC4002939B7 /* Debug */ = {
			isa = XCBuildConfiguration;
			buildSettings = {
				ALWAYS_SEARCH_USER_PATHS = NO;
				CLANG_ANALYZER_NONNULL = YES;
				CLANG_CXX_LANGUAGE_STANDARD = "gnu++0x";
				CLANG_CXX_LIBRARY = "libc++";
				CLANG_ENABLE_MODULES = YES;
				CLANG_ENABLE_OBJC_ARC = YES;
				CLANG_WARN_BOOL_CONVERSION = YES;
				CLANG_WARN_CONSTANT_CONVERSION = YES;
				CLANG_WARN_DIRECT_OBJC_ISA_USAGE = YES_ERROR;
				CLANG_WARN_EMPTY_BODY = YES;
				CLANG_WARN_ENUM_CONVERSION = YES;
				CLANG_WARN_INT_CONVERSION = YES;
				CLANG_WARN_OBJC_ROOT_CLASS = YES_ERROR;
				CLANG_WARN_UNREACHABLE_CODE = YES;
				CLANG_WARN__DUPLICATE_METHOD_MATCH = YES;
				"CODE_SIGN_IDENTITY[sdk=iphoneos*]" = "iPhone Developer";
				COPY_PHASE_STRIP = NO;
				DEBUG_INFORMATION_FORMAT = dwarf;
				ENABLE_STRICT_OBJC_MSGSEND = YES;
				ENABLE_TESTABILITY = YES;
				GCC_C_LANGUAGE_STANDARD = gnu99;
				GCC_DYNAMIC_NO_PIC = NO;
				GCC_NO_COMMON_BLOCKS = YES;
				GCC_OPTIMIZATION_LEVEL = 0;
				GCC_PREPROCESSOR_DEFINITIONS = (
					"DEBUG=1",
					"$(inherited)",
				);
				GCC_WARN_64_TO_32_BIT_CONVERSION = YES;
				GCC_WARN_ABOUT_RETURN_TYPE = YES_ERROR;
				GCC_WARN_UNDECLARED_SELECTOR = YES;
				GCC_WARN_UNINITIALIZED_AUTOS = YES_AGGRESSIVE;
				GCC_WARN_UNUSED_FUNCTION = YES;
				GCC_WARN_UNUSED_VARIABLE = YES;
				IPHONEOS_DEPLOYMENT_TARGET = 9.3;
				MTL_ENABLE_DEBUG_INFO = YES;
				ONLY_ACTIVE_ARCH = YES;
				SDKROOT = iphoneos;
				TARGETED_DEVICE_FAMILY = "1,2";
			};
			name = Debug;
		};
		7ED438EE1D658FC4002939B7 /* Release */ = {
			isa = XCBuildConfiguration;
			buildSettings = {
				ALWAYS_SEARCH_USER_PATHS = NO;
				CLANG_ANALYZER_NONNULL = YES;
				CLANG_CXX_LANGUAGE_STANDARD = "gnu++0x";
				CLANG_CXX_LIBRARY = "libc++";
				CLANG_ENABLE_MODULES = YES;
				CLANG_ENABLE_OBJC_ARC = YES;
				CLANG_WARN_BOOL_CONVERSION = YES;
				CLANG_WARN_CONSTANT_CONVERSION = YES;
				CLANG_WARN_DIRECT_OBJC_ISA_USAGE = YES_ERROR;
				CLANG_WARN_EMPTY_BODY = YES;
				CLANG_WARN_ENUM_CONVERSION = YES;
				CLANG_WARN_INT_CONVERSION = YES;
				CLANG_WARN_OBJC_ROOT_CLASS = YES_ERROR;
				CLANG_WARN_UNREACHABLE_CODE = YES;
				CLANG_WARN__DUPLICATE_METHOD_MATCH = YES;
				"CODE_SIGN_IDENTITY[sdk=iphoneos*]" = "iPhone Developer";
				COPY_PHASE_STRIP = NO;
				DEBUG_INFORMATION_FORMAT = "dwarf-with-dsym";
				ENABLE_NS_ASSERTIONS = NO;
				ENABLE_STRICT_OBJC_MSGSEND = YES;
				GCC_C_LANGUAGE_STANDARD = gnu99;
				GCC_NO_COMMON_BLOCKS = YES;
				GCC_WARN_64_TO_32_BIT_CONVERSION = YES;
				GCC_WARN_ABOUT_RETURN_TYPE = YES_ERROR;
				GCC_WARN_UNDECLARED_SELECTOR = YES;
				GCC_WARN_UNINITIALIZED_AUTOS = YES_AGGRESSIVE;
				GCC_WARN_UNUSED_FUNCTION = YES;
				GCC_WARN_UNUSED_VARIABLE = YES;
				IPHONEOS_DEPLOYMENT_TARGET = 9.3;
				MTL_ENABLE_DEBUG_INFO = NO;
				SDKROOT = iphoneos;
				TARGETED_DEVICE_FAMILY = "1,2";
				VALIDATE_PRODUCT = YES;
			};
			name = Release;
		};
		7ED438F01D658FC4002939B7 /* Debug */ = {
			isa = XCBuildConfiguration;
			buildSettings = {
				ASSETCATALOG_COMPILER_APPICON_NAME = AppIcon;
				INFOPLIST_FILE = test1122/Info.plist;
				LD_RUNPATH_SEARCH_PATHS = "$(inherited) @executable_path/Frameworks";
				PRODUCT_BUNDLE_IDENTIFIER = "--.test1122";
				PRODUCT_NAME = "$(TARGET_NAME)";
			};
			name = Debug;
		};
		7ED438F11D658FC4002939B7 /* Release */ = {
			isa = XCBuildConfiguration;
			buildSettings = {
				ASSETCATALOG_COMPILER_APPICON_NAME = AppIcon;
				INFOPLIST_FILE = test1122/Info.plist;
				LD_RUNPATH_SEARCH_PATHS = "$(inherited) @executable_path/Frameworks";
				PRODUCT_BUNDLE_IDENTIFIER = "--.test1122";
				PRODUCT_NAME = "$(TARGET_NAME)";
			};
			name = Release;
		};
/* End XCBuildConfiguration section */

/* Begin XCConfigurationList section */
		7ED438D31D658FC4002939B7 /* Build configuration list for PBXProject "test1122" */ = {
			isa = XCConfigurationList;
			buildConfigurations = (
				7ED438ED1D658FC4002939B7 /* Debug */,
				7ED438EE1D658FC4002939B7 /* Release */,
			);
			defaultConfigurationIsVisible = 0;
			defaultConfigurationName = Release;
		};
		7ED438EF1D658FC4002939B7 /* Build configuration list for PBXNativeTarget "test1122" */ = {
			isa = XCConfigurationList;
			buildConfigurations = (
				7ED438F01D658FC4002939B7 /* Debug */,
				7ED438F11D658FC4002939B7 /* Release */,
			);
			defaultConfigurationIsVisible = 0;
		};
/* End XCConfigurationList section */
	};
	rootObject = 7ED438D01D658FC4002939B7 /* Project object */;
}
