// !$*UTF8*$!
{
	archiveVersion = 1;
	classes = {
	};
	objectVersion = 46;
	objects = {

/* Begin PBXBuildFile section */
		7E6B798D1D602381009C03E7 /* KIShomeTableViewController.swift in Sources */ = {isa = PBXBuildFile; fileRef = 7E6B798C1D602381009C03E7 /* KIShomeTableViewController.swift */; };
		7E6B798F1D602394009C03E7 /* KISmessageTableViewController.swift in Sources */ = {isa = PBXBuildFile; fileRef = 7E6B798E1D602394009C03E7 /* KISmessageTableViewController.swift */; };
		7E6B79911D6023AF009C03E7 /* KISdiscoveryTableViewController.swift in Sources */ = {isa = PBXBuildFile; fileRef = 7E6B79901D6023AF009C03E7 /* KISdiscoveryTableViewController.swift */; };
		7E6B79931D6023DB009C03E7 /* KISMainViewController.swift in Sources */ = {isa = PBXBuildFile; fileRef = 7E6B79921D6023DB009C03E7 /* KISMainViewController.swift */; };
		7E6B79971D60295D009C03E7 /* KISPushViewController.swift in Sources */ = {isa = PBXBuildFile; fileRef = 7E6B79961D60295D009C03E7 /* KISPushViewController.swift */; };
		7E6B799D1D605438009C03E7 /* KISprofileTableViewController.swift in Sources */ = {isa = PBXBuildFile; fileRef = 7E6B799C1D605438009C03E7 /* KISprofileTableViewController.swift */; };
		7E6B79A31D60659D009C03E7 /* KISBaseTableViewController.swift in Sources */ = {isa = PBXBuildFile; fileRef = 7E6B79A11D60659D009C03E7 /* KISBaseTableViewController.swift */; };
		7E6B79A51D6065CC009C03E7 /* KISVisitorView.swift in Sources */ = {isa = PBXBuildFile; fileRef = 7E6B79A41D6065CC009C03E7 /* KISVisitorView.swift */; };
		7E6B79A81D61BB74009C03E7 /* Define.swift in Sources */ = {isa = PBXBuildFile; fileRef = 7E6B79A71D61BB74009C03E7 /* Define.swift */; };
		7E901F401D636D22008A4F17 /* KISPopAnimation.swift in Sources */ = {isa = PBXBuildFile; fileRef = 7E901F3F1D636D22008A4F17 /* KISPopAnimation.swift */; };
		7EC0CD7A1D63135500BBD818 /* UIBarButtonItem+Category.swift in Sources */ = {isa = PBXBuildFile; fileRef = 7EC0CD791D63135500BBD818 /* UIBarButtonItem+Category.swift */; };
		7EC0CD7E1D631F8700BBD818 /* KISTitleButton.swift in Sources */ = {isa = PBXBuildFile; fileRef = 7EC0CD7D1D631F8700BBD818 /* KISTitleButton.swift */; };
		7EC0CD821D6343F800BBD818 /* KISPopTableViewConroller.storyboard in Resources */ = {isa = PBXBuildFile; fileRef = 7EC0CD811D6343F800BBD818 /* KISPopTableViewConroller.storyboard */; };
		7EC0CD841D634A2B00BBD818 /* KISPopPresentationController.swift in Sources */ = {isa = PBXBuildFile; fileRef = 7EC0CD831D634A2B00BBD818 /* KISPopPresentationController.swift */; };
		7EC8A4031D5ECBED00020B69 /* AppDelegate.swift in Sources */ = {isa = PBXBuildFile; fileRef = 7EC8A4021D5ECBED00020B69 /* AppDelegate.swift */; };
		7EC8A40A1D5ECBED00020B69 /* Assets.xcassets in Resources */ = {isa = PBXBuildFile; fileRef = 7EC8A4091D5ECBED00020B69 /* Assets.xcassets */; };
		7EC8A40D1D5ECBED00020B69 /* LaunchScreen.storyboard in Resources */ = {isa = PBXBuildFile; fileRef = 7EC8A40B1D5ECBED00020B69 /* LaunchScreen.storyboard */; };
		7ED438FE1D65967B002939B7 /* KISHShowMessageController.swift in Sources */ = {isa = PBXBuildFile; fileRef = 7ED438FC1D65967B002939B7 /* KISHShowMessageController.swift */; };
		7ED438FF1D65967B002939B7 /* KISHShowMessageController.xib in Resources */ = {isa = PBXBuildFile; fileRef = 7ED438FD1D65967B002939B7 /* KISHShowMessageController.xib */; };
		7EE722111D63FE4F0038782A /* KISQRCodeController.storyboard in Resources */ = {isa = PBXBuildFile; fileRef = 7EE722101D63FE4F0038782A /* KISQRCodeController.storyboard */; };
		7EE722131D64098D0038782A /* KISQRCodeController.swift in Sources */ = {isa = PBXBuildFile; fileRef = 7EE722121D64098D0038782A /* KISQRCodeController.swift */; };
		7EE722481D649A1F0038782A /* KISMyQRCodeViewController.swift in Sources */ = {isa = PBXBuildFile; fileRef = 7EE722471D649A1F0038782A /* KISMyQRCodeViewController.swift */; };
		8FE7625ED0058B5A577C1806 /* Pods_weibodemo.framework in Frameworks */ = {isa = PBXBuildFile; fileRef = 8054FE1E0ECAA5749DD4F67A /* Pods_weibodemo.framework */; };
/* End PBXBuildFile section */

/* Begin PBXFileReference section */
		2FE15E4A390EB60034AA330A /* Pods-weibodemo.debug.xcconfig */ = {isa = PBXFileReference; includeInIndex = 1; lastKnownFileType = text.xcconfig; name = "Pods-weibodemo.debug.xcconfig"; path = "Pods/Target Support Files/Pods-weibodemo/Pods-weibodemo.debug.xcconfig"; sourceTree = "<group>"; };
		70163C26D880B20109710C04 /* Pods-weibodemo.release.xcconfig */ = {isa = PBXFileReference; includeInIndex = 1; lastKnownFileType = text.xcconfig; name = "Pods-weibodemo.release.xcconfig"; path = "Pods/Target Support Files/Pods-weibodemo/Pods-weibodemo.release.xcconfig"; sourceTree = "<group>"; };
		7E6B798C1D602381009C03E7 /* KIShomeTableViewController.swift */ = {isa = PBXFileReference; fileEncoding = 4; lastKnownFileType = sourcecode.swift; path = KIShomeTableViewController.swift; sourceTree = "<group>"; };
		7E6B798E1D602394009C03E7 /* KISmessageTableViewController.swift */ = {isa = PBXFileReference; fileEncoding = 4; lastKnownFileType = sourcecode.swift; path = KISmessageTableViewController.swift; sourceTree = "<group>"; };
		7E6B79901D6023AF009C03E7 /* KISdiscoveryTableViewController.swift */ = {isa = PBXFileReference; fileEncoding = 4; lastKnownFileType = sourcecode.swift; path = KISdiscoveryTableViewController.swift; sourceTree = "<group>"; };
		7E6B79921D6023DB009C03E7 /* KISMainViewController.swift */ = {isa = PBXFileReference; fileEncoding = 4; lastKnownFileType = sourcecode.swift; path = KISMainViewController.swift; sourceTree = "<group>"; };
		7E6B79961D60295D009C03E7 /* KISPushViewController.swift */ = {isa = PBXFileReference; fileEncoding = 4; lastKnownFileType = sourcecode.swift; path = KISPushViewController.swift; sourceTree = "<group>"; };
		7E6B799C1D605438009C03E7 /* KISprofileTableViewController.swift */ = {isa = PBXFileReference; fileEncoding = 4; lastKnownFileType = sourcecode.swift; path = KISprofileTableViewController.swift; sourceTree = "<group>"; };
		7E6B79A11D60659D009C03E7 /* KISBaseTableViewController.swift */ = {isa = PBXFileReference; fileEncoding = 4; lastKnownFileType = sourcecode.swift; path = KISBaseTableViewController.swift; sourceTree = "<group>"; };
		7E6B79A41D6065CC009C03E7 /* KISVisitorView.swift */ = {isa = PBXFileReference; fileEncoding = 4; lastKnownFileType = sourcecode.swift; path = KISVisitorView.swift; sourceTree = "<group>"; };
		7E6B79A71D61BB74009C03E7 /* Define.swift */ = {isa = PBXFileReference; fileEncoding = 4; lastKnownFileType = sourcecode.swift; path = Define.swift; sourceTree = "<group>"; };
		7E901F3F1D636D22008A4F17 /* KISPopAnimation.swift */ = {isa = PBXFileReference; fileEncoding = 4; lastKnownFileType = sourcecode.swift; path = KISPopAnimation.swift; sourceTree = "<group>"; };
		7EC0CD791D63135500BBD818 /* UIBarButtonItem+Category.swift */ = {isa = PBXFileReference; fileEncoding = 4; lastKnownFileType = sourcecode.swift; path = "UIBarButtonItem+Category.swift"; sourceTree = "<group>"; };
		7EC0CD7D1D631F8700BBD818 /* KISTitleButton.swift */ = {isa = PBXFileReference; fileEncoding = 4; lastKnownFileType = sourcecode.swift; path = KISTitleButton.swift; sourceTree = "<group>"; };
		7EC0CD811D6343F800BBD818 /* KISPopTableViewConroller.storyboard */ = {isa = PBXFileReference; fileEncoding = 4; lastKnownFileType = file.storyboard; name = KISPopTableViewConroller.storyboard; path = ../view/KISPopTableViewConroller.storyboard; sourceTree = "<group>"; };
		7EC0CD831D634A2B00BBD818 /* KISPopPresentationController.swift */ = {isa = PBXFileReference; fileEncoding = 4; lastKnownFileType = sourcecode.swift; path = KISPopPresentationController.swift; sourceTree = "<group>"; };
		7EC8A3FF1D5ECBED00020B69 /* weibodemo.app */ = {isa = PBXFileReference; explicitFileType = wrapper.application; includeInIndex = 0; path = weibodemo.app; sourceTree = BUILT_PRODUCTS_DIR; };
		7EC8A4021D5ECBED00020B69 /* AppDelegate.swift */ = {isa = PBXFileReference; lastKnownFileType = sourcecode.swift; path = AppDelegate.swift; sourceTree = "<group>"; };
		7EC8A4091D5ECBED00020B69 /* Assets.xcassets */ = {isa = PBXFileReference; lastKnownFileType = folder.assetcatalog; path = Assets.xcassets; sourceTree = "<group>"; };
		7EC8A40C1D5ECBED00020B69 /* Base */ = {isa = PBXFileReference; lastKnownFileType = file.storyboard; name = Base; path = Base.lproj/LaunchScreen.storyboard; sourceTree = "<group>"; };
		7EC8A40E1D5ECBED00020B69 /* Info.plist */ = {isa = PBXFileReference; lastKnownFileType = text.plist.xml; path = Info.plist; sourceTree = "<group>"; };
		7ED438FC1D65967B002939B7 /* KISHShowMessageController.swift */ = {isa = PBXFileReference; fileEncoding = 4; lastKnownFileType = sourcecode.swift; path = KISHShowMessageController.swift; sourceTree = "<group>"; };
		7ED438FD1D65967B002939B7 /* KISHShowMessageController.xib */ = {isa = PBXFileReference; fileEncoding = 4; lastKnownFileType = file.xib; path = KISHShowMessageController.xib; sourceTree = "<group>"; };
		7EE722101D63FE4F0038782A /* KISQRCodeController.storyboard */ = {isa = PBXFileReference; fileEncoding = 4; lastKnownFileType = file.storyboard; path = KISQRCodeController.storyboard; sourceTree = "<group>"; };
		7EE722121D64098D0038782A /* KISQRCodeController.swift */ = {isa = PBXFileReference; fileEncoding = 4; lastKnownFileType = sourcecode.swift; path = KISQRCodeController.swift; sourceTree = "<group>"; };
		7EE722471D649A1F0038782A /* KISMyQRCodeViewController.swift */ = {isa = PBXFileReference; fileEncoding = 4; lastKnownFileType = sourcecode.swift; path = KISMyQRCodeViewController.swift; sourceTree = "<group>"; };
		8054FE1E0ECAA5749DD4F67A /* Pods_weibodemo.framework */ = {isa = PBXFileReference; explicitFileType = wrapper.framework; includeInIndex = 0; path = Pods_weibodemo.framework; sourceTree = BUILT_PRODUCTS_DIR; };
/* End PBXFileReference section */

/* Begin PBXFrameworksBuildPhase section */
		7EC8A3FC1D5ECBED00020B69 /* Frameworks */ = {
			isa = PBXFrameworksBuildPhase;
			buildActionMask = 2147483647;
			files = (
				8FE7625ED0058B5A577C1806 /* Pods_weibodemo.framework in Frameworks */,
			);
			runOnlyForDeploymentPostprocessing = 0;
		};
/* End PBXFrameworksBuildPhase section */

/* Begin PBXGroup section */
		336BAF282DE2AA7B7275B9F2 /* Frameworks */ = {
			isa = PBXGroup;
			children = (
				8054FE1E0ECAA5749DD4F67A /* Pods_weibodemo.framework */,
			);
			name = Frameworks;
			sourceTree = "<group>";
		};
		7E6B79801D602237009C03E7 /* Classes */ = {
			isa = PBXGroup;
			children = (
				7E6B79831D602237009C03E7 /* home */,
				7E6B79861D602237009C03E7 /* message */,
				7E6B79821D602237009C03E7 /* discovery */,
				7E6B79841D602237009C03E7 /* Main */,
				7E6B799B1D605438009C03E7 /* profile */,
				7E6B798B1D602283009C03E7 /* comm */,
				7E6B79871D602237009C03E7 /* Others */,
				7E6B79881D602237009C03E7 /* resource */,
				7E6B79891D602237009C03E7 /* Tools */,
				7E6B79811D602237009C03E7 /* Category */,
			);
			path = Classes;
			sourceTree = "<group>";
		};
		7E6B79811D602237009C03E7 /* Category */ = {
			isa = PBXGroup;
			children = (
				7EC0CD791D63135500BBD818 /* UIBarButtonItem+Category.swift */,
			);
			path = Category;
			sourceTree = "<group>";
		};
		7E6B79821D602237009C03E7 /* discovery */ = {
			isa = PBXGroup;
			children = (
				7E6B79901D6023AF009C03E7 /* KISdiscoveryTableViewController.swift */,
			);
			path = discovery;
			sourceTree = "<group>";
		};
		7E6B79831D602237009C03E7 /* home */ = {
			isa = PBXGroup;
			children = (
				7E6B798C1D602381009C03E7 /* KIShomeTableViewController.swift */,
				7EC0CD7F1D63438300BBD818 /* contorller */,
				7EC0CD801D63438300BBD818 /* view */,
			);
			path = home;
			sourceTree = "<group>";
		};
		7E6B79841D602237009C03E7 /* Main */ = {
			isa = PBXGroup;
			children = (
				7E6B79921D6023DB009C03E7 /* KISMainViewController.swift */,
				7E6B79961D60295D009C03E7 /* KISPushViewController.swift */,
			);
			path = Main;
			sourceTree = "<group>";
		};
		7E6B79861D602237009C03E7 /* message */ = {
			isa = PBXGroup;
			children = (
				7E6B798E1D602394009C03E7 /* KISmessageTableViewController.swift */,
			);
			path = message;
			sourceTree = "<group>";
		};
		7E6B79871D602237009C03E7 /* Others */ = {
			isa = PBXGroup;
			children = (
				7E6B79A71D61BB74009C03E7 /* Define.swift */,
			);
			path = Others;
			sourceTree = "<group>";
		};
		7E6B79881D602237009C03E7 /* resource */ = {
			isa = PBXGroup;
			children = (
			);
			path = resource;
			sourceTree = "<group>";
		};
		7E6B79891D602237009C03E7 /* Tools */ = {
			isa = PBXGroup;
			children = (
			);
			path = Tools;
			sourceTree = "<group>";
		};
		7E6B798B1D602283009C03E7 /* comm */ = {
			isa = PBXGroup;
			children = (
				7E6B79A01D60659D009C03E7 /* Controller */,
				7E6B79A21D60659D009C03E7 /* view */,
			);
			path = comm;
			sourceTree = "<group>";
		};
		7E6B799B1D605438009C03E7 /* profile */ = {
			isa = PBXGroup;
			children = (
				7E6B799C1D605438009C03E7 /* KISprofileTableViewController.swift */,
			);
			path = profile;
			sourceTree = "<group>";
		};
		7E6B79A01D60659D009C03E7 /* Controller */ = {
			isa = PBXGroup;
			children = (
				7E6B79A11D60659D009C03E7 /* KISBaseTableViewController.swift */,
			);
			path = Controller;
			sourceTree = "<group>";
		};
		7E6B79A21D60659D009C03E7 /* view */ = {
			isa = PBXGroup;
			children = (
				7E6B79A41D6065CC009C03E7 /* KISVisitorView.swift */,
				7EC0CD7D1D631F8700BBD818 /* KISTitleButton.swift */,
			);
			path = view;
			sourceTree = "<group>";
		};
		7EC0CD7F1D63438300BBD818 /* contorller */ = {
			isa = PBXGroup;
			children = (
				7EE7220F1D63FD430038782A /* QRCode */,
				7EE7220E1D63FD290038782A /* pop */,
			);
			path = contorller;
			sourceTree = "<group>";
		};
		7EC0CD801D63438300BBD818 /* view */ = {
			isa = PBXGroup;
			children = (
			);
			path = view;
			sourceTree = "<group>";
		};
		7EC8A3F61D5ECBED00020B69 = {
			isa = PBXGroup;
			children = (
				7EC8A4011D5ECBED00020B69 /* weibodemo */,
				7EC8A4001D5ECBED00020B69 /* Products */,
				B6D2454BCFF6CA442A53846A /* Pods */,
				336BAF282DE2AA7B7275B9F2 /* Frameworks */,
			);
			sourceTree = "<group>";
		};
		7EC8A4001D5ECBED00020B69 /* Products */ = {
			isa = PBXGroup;
			children = (
				7EC8A3FF1D5ECBED00020B69 /* weibodemo.app */,
			);
			name = Products;
			sourceTree = "<group>";
		};
		7EC8A4011D5ECBED00020B69 /* weibodemo */ = {
			isa = PBXGroup;
			children = (
				7EC8A4021D5ECBED00020B69 /* AppDelegate.swift */,
				7E6B79801D602237009C03E7 /* Classes */,
				7EC8A4091D5ECBED00020B69 /* Assets.xcassets */,
				7EC8A40B1D5ECBED00020B69 /* LaunchScreen.storyboard */,
				7EC8A40E1D5ECBED00020B69 /* Info.plist */,
			);
			path = weibodemo;
			sourceTree = "<group>";
		};
		7EE7220E1D63FD290038782A /* pop */ = {
			isa = PBXGroup;
			children = (
				7EC0CD811D6343F800BBD818 /* KISPopTableViewConroller.storyboard */,
				7EC0CD831D634A2B00BBD818 /* KISPopPresentationController.swift */,
				7E901F3F1D636D22008A4F17 /* KISPopAnimation.swift */,
			);
			name = pop;
			sourceTree = "<group>";
		};
		7EE7220F1D63FD430038782A /* QRCode */ = {
			isa = PBXGroup;
			children = (
				7EE722121D64098D0038782A /* KISQRCodeController.swift */,
				7EE722101D63FE4F0038782A /* KISQRCodeController.storyboard */,
				7EE722471D649A1F0038782A /* KISMyQRCodeViewController.swift */,
				7ED438FC1D65967B002939B7 /* KISHShowMessageController.swift */,
				7ED438FD1D65967B002939B7 /* KISHShowMessageController.xib */,
			);
			name = QRCode;
			sourceTree = "<group>";
		};
		B6D2454BCFF6CA442A53846A /* Pods */ = {
			isa = PBXGroup;
			children = (
				2FE15E4A390EB60034AA330A /* Pods-weibodemo.debug.xcconfig */,
				70163C26D880B20109710C04 /* Pods-weibodemo.release.xcconfig */,
			);
			name = Pods;
			sourceTree = "<group>";
		};
/* End PBXGroup section */

/* Begin PBXNativeTarget section */
		7EC8A3FE1D5ECBED00020B69 /* weibodemo */ = {
			isa = PBXNativeTarget;
			buildConfigurationList = 7EC8A4111D5ECBED00020B69 /* Build configuration list for PBXNativeTarget "weibodemo" */;
			buildPhases = (
				3CC6FBC304DFFEBD27C0AEC9 /* [CP] Check Pods Manifest.lock */,
				7EC8A3FB1D5ECBED00020B69 /* Sources */,
				7EC8A3FC1D5ECBED00020B69 /* Frameworks */,
				7EC8A3FD1D5ECBED00020B69 /* Resources */,
				AB649DCD54D4ED6D8B251D58 /* [CP] Embed Pods Frameworks */,
				89BF9B2A3D9F65488FC931E8 /* [CP] Copy Pods Resources */,
			);
			buildRules = (
			);
			dependencies = (
			);
			name = weibodemo;
			productName = weibodemo;
			productReference = 7EC8A3FF1D5ECBED00020B69 /* weibodemo.app */;
			productType = "com.apple.product-type.application";
		};
/* End PBXNativeTarget section */

/* Begin PBXProject section */
		7EC8A3F71D5ECBED00020B69 /* Project object */ = {
			isa = PBXProject;
			attributes = {
				CLASSPREFIX = KIS;
				LastSwiftUpdateCheck = 0730;
				LastUpgradeCheck = 0730;
				ORGANIZATIONNAME = "李威";
				TargetAttributes = {
					7EC8A3FE1D5ECBED00020B69 = {
						CreatedOnToolsVersion = 7.3.1;
						DevelopmentTeam = 29H8NQ9PBB;
					};
				};
			};
			buildConfigurationList = 7EC8A3FA1D5ECBED00020B69 /* Build configuration list for PBXProject "weibodemo" */;
			compatibilityVersion = "Xcode 3.2";
			developmentRegion = English;
			hasScannedForEncodings = 0;
			knownRegions = (
				en,
				Base,
			);
			mainGroup = 7EC8A3F61D5ECBED00020B69;
			productRefGroup = 7EC8A4001D5ECBED00020B69 /* Products */;
			projectDirPath = "";
			projectRoot = "";
			targets = (
				7EC8A3FE1D5ECBED00020B69 /* weibodemo */,
			);
		};
/* End PBXProject section */

/* Begin PBXResourcesBuildPhase section */
		7EC8A3FD1D5ECBED00020B69 /* Resources */ = {
			isa = PBXResourcesBuildPhase;
			buildActionMask = 2147483647;
			files = (
				7EC8A40D1D5ECBED00020B69 /* LaunchScreen.storyboard in Resources */,
				7EC0CD821D6343F800BBD818 /* KISPopTableViewConroller.storyboard in Resources */,
				7EE722111D63FE4F0038782A /* KISQRCodeController.storyboard in Resources */,
				7ED438FF1D65967B002939B7 /* KISHShowMessageController.xib in Resources */,
				7EC8A40A1D5ECBED00020B69 /* Assets.xcassets in Resources */,
			);
			runOnlyForDeploymentPostprocessing = 0;
		};
/* End PBXResourcesBuildPhase section */

/* Begin PBXShellScriptBuildPhase section */
		3CC6FBC304DFFEBD27C0AEC9 /* [CP] Check Pods Manifest.lock */ = {
			isa = PBXShellScriptBuildPhase;
			buildActionMask = 2147483647;
			files = (
			);
			inputPaths = (
			);
			name = "[CP] Check Pods Manifest.lock";
			outputPaths = (
			);
			runOnlyForDeploymentPostprocessing = 0;
			shellPath = /bin/sh;
			shellScript = "diff \"${PODS_ROOT}/../Podfile.lock\" \"${PODS_ROOT}/Manifest.lock\" > /dev/null\nif [[ $? != 0 ]] ; then\n    cat << EOM\nerror: The sandbox is not in sync with the Podfile.lock. Run 'pod install' or update your CocoaPods installation.\nEOM\n    exit 1\nfi\n";
			showEnvVarsInLog = 0;
		};
		89BF9B2A3D9F65488FC931E8 /* [CP] Copy Pods Resources */ = {
			isa = PBXShellScriptBuildPhase;
			buildActionMask = 2147483647;
			files = (
			);
			inputPaths = (
			);
			name = "[CP] Copy Pods Resources";
			outputPaths = (
			);
			runOnlyForDeploymentPostprocessing = 0;
			shellPath = /bin/sh;
			shellScript = "\"${SRCROOT}/Pods/Target Support Files/Pods-weibodemo/Pods-weibodemo-resources.sh\"\n";
			showEnvVarsInLog = 0;
		};
		AB649DCD54D4ED6D8B251D58 /* [CP] Embed Pods Frameworks */ = {
			isa = PBXShellScriptBuildPhase;
			buildActionMask = 2147483647;
			files = (
			);
			inputPaths = (
			);
			name = "[CP] Embed Pods Frameworks";
			outputPaths = (
			);
			runOnlyForDeploymentPostprocessing = 0;
			shellPath = /bin/sh;
			shellScript = "\"${SRCROOT}/Pods/Target Support Files/Pods-weibodemo/Pods-weibodemo-frameworks.sh\"\n";
			showEnvVarsInLog = 0;
		};
/* End PBXShellScriptBuildPhase section */

/* Begin PBXSourcesBuildPhase section */
		7EC8A3FB1D5ECBED00020B69 /* Sources */ = {
			isa = PBXSourcesBuildPhase;
			buildActionMask = 2147483647;
			files = (
				7E901F401D636D22008A4F17 /* KISPopAnimation.swift in Sources */,
				7E6B79A31D60659D009C03E7 /* KISBaseTableViewController.swift in Sources */,
				7E6B79931D6023DB009C03E7 /* KISMainViewController.swift in Sources */,
				7E6B79A51D6065CC009C03E7 /* KISVisitorView.swift in Sources */,
				7EE722481D649A1F0038782A /* KISMyQRCodeViewController.swift in Sources */,
				7ED438FE1D65967B002939B7 /* KISHShowMessageController.swift in Sources */,
				7E6B798F1D602394009C03E7 /* KISmessageTableViewController.swift in Sources */,
				7EC0CD841D634A2B00BBD818 /* KISPopPresentationController.swift in Sources */,
				7E6B799D1D605438009C03E7 /* KISprofileTableViewController.swift in Sources */,
				7EC0CD7A1D63135500BBD818 /* UIBarButtonItem+Category.swift in Sources */,
				7E6B798D1D602381009C03E7 /* KIShomeTableViewController.swift in Sources */,
				7EC0CD7E1D631F8700BBD818 /* KISTitleButton.swift in Sources */,
				7E6B79971D60295D009C03E7 /* KISPushViewController.swift in Sources */,
				7E6B79911D6023AF009C03E7 /* KISdiscoveryTableViewController.swift in Sources */,
				7EE722131D64098D0038782A /* KISQRCodeController.swift in Sources */,
				7E6B79A81D61BB74009C03E7 /* Define.swift in Sources */,
				7EC8A4031D5ECBED00020B69 /* AppDelegate.swift in Sources */,
			);
			runOnlyForDeploymentPostprocessing = 0;
		};
/* End PBXSourcesBuildPhase section */

/* Begin PBXVariantGroup section */
		7EC8A40B1D5ECBED00020B69 /* LaunchScreen.storyboard */ = {
			isa = PBXVariantGroup;
			children = (
				7EC8A40C1D5ECBED00020B69 /* Base */,
			);
			name = LaunchScreen.storyboard;
			sourceTree = "<group>";
		};
/* End PBXVariantGroup section */

/* Begin XCBuildConfiguration section */
		7EC8A40F1D5ECBED00020B69 /* Debug */ = {
			isa = XCBuildConfiguration;
			buildSettings = {
				ALWAYS_SEARCH_USER_PATHS = NO;
				CLANG_ANALYZER_NONNULL = YES;
				CLANG_CXX_LANGUAGE_STANDARD = "gnu++0x";
				CLANG_CXX_LIBRARY = "libc++";
				CLANG_ENABLE_MODULES = YES;
				CLANG_ENABLE_OBJC_ARC = YES;
				CLANG_WARN_BOOL_CONVERSION = YES;
				CLANG_WARN_CONSTANT_CONVERSION = YES;
				CLANG_WARN_DIRECT_OBJC_ISA_USAGE = YES_ERROR;
				CLANG_WARN_EMPTY_BODY = YES;
				CLANG_WARN_ENUM_CONVERSION = YES;
				CLANG_WARN_INT_CONVERSION = YES;
				CLANG_WARN_OBJC_ROOT_CLASS = YES_ERROR;
				CLANG_WARN_UNREACHABLE_CODE = YES;
				CLANG_WARN__DUPLICATE_METHOD_MATCH = YES;
				"CODE_SIGN_IDENTITY[sdk=iphoneos*]" = "iPhone Developer";
				COPY_PHASE_STRIP = NO;
				DEBUG_INFORMATION_FORMAT = dwarf;
				ENABLE_STRICT_OBJC_MSGSEND = YES;
				ENABLE_TESTABILITY = YES;
				GCC_C_LANGUAGE_STANDARD = gnu99;
				GCC_DYNAMIC_NO_PIC = NO;
				GCC_NO_COMMON_BLOCKS = YES;
				GCC_OPTIMIZATION_LEVEL = 0;
				GCC_PREPROCESSOR_DEFINITIONS = (
					"DEBUG=1",
					"$(inherited)",
				);
				GCC_WARN_64_TO_32_BIT_CONVERSION = YES;
				GCC_WARN_ABOUT_RETURN_TYPE = YES_ERROR;
				GCC_WARN_UNDECLARED_SELECTOR = YES;
				GCC_WARN_UNINITIALIZED_AUTOS = YES_AGGRESSIVE;
				GCC_WARN_UNUSED_FUNCTION = YES;
				GCC_WARN_UNUSED_VARIABLE = YES;
				IPHONEOS_DEPLOYMENT_TARGET = 9.3;
				MTL_ENABLE_DEBUG_INFO = YES;
				ONLY_ACTIVE_ARCH = YES;
				SDKROOT = iphoneos;
				SWIFT_OPTIMIZATION_LEVEL = "-Onone";
				TARGETED_DEVICE_FAMILY = "1,2";
			};
			name = Debug;
		};
		7EC8A4101D5ECBED00020B69 /* Release */ = {
			isa = XCBuildConfiguration;
			buildSettings = {
				ALWAYS_SEARCH_USER_PATHS = NO;
				CLANG_ANALYZER_NONNULL = YES;
				CLANG_CXX_LANGUAGE_STANDARD = "gnu++0x";
				CLANG_CXX_LIBRARY = "libc++";
				CLANG_ENABLE_MODULES = YES;
				CLANG_ENABLE_OBJC_ARC = YES;
				CLANG_WARN_BOOL_CONVERSION = YES;
				CLANG_WARN_CONSTANT_CONVERSION = YES;
				CLANG_WARN_DIRECT_OBJC_ISA_USAGE = YES_ERROR;
				CLANG_WARN_EMPTY_BODY = YES;
				CLANG_WARN_ENUM_CONVERSION = YES;
				CLANG_WARN_INT_CONVERSION = YES;
				CLANG_WARN_OBJC_ROOT_CLASS = YES_ERROR;
				CLANG_WARN_UNREACHABLE_CODE = YES;
				CLANG_WARN__DUPLICATE_METHOD_MATCH = YES;
				"CODE_SIGN_IDENTITY[sdk=iphoneos*]" = "iPhone Developer";
				COPY_PHASE_STRIP = NO;
				DEBUG_INFORMATION_FORMAT = "dwarf-with-dsym";
				ENABLE_NS_ASSERTIONS = NO;
				ENABLE_STRICT_OBJC_MSGSEND = YES;
				GCC_C_LANGUAGE_STANDARD = gnu99;
				GCC_NO_COMMON_BLOCKS = YES;
				GCC_WARN_64_TO_32_BIT_CONVERSION = YES;
				GCC_WARN_ABOUT_RETURN_TYPE = YES_ERROR;
				GCC_WARN_UNDECLARED_SELECTOR = YES;
				GCC_WARN_UNINITIALIZED_AUTOS = YES_AGGRESSIVE;
				GCC_WARN_UNUSED_FUNCTION = YES;
				GCC_WARN_UNUSED_VARIABLE = YES;
				IPHONEOS_DEPLOYMENT_TARGET = 9.3;
				MTL_ENABLE_DEBUG_INFO = NO;
				SDKROOT = iphoneos;
				TARGETED_DEVICE_FAMILY = "1,2";
				VALIDATE_PRODUCT = YES;
			};
			name = Release;
		};
		7EC8A4121D5ECBED00020B69 /* Debug */ = {
			isa = XCBuildConfiguration;
			baseConfigurationReference = 2FE15E4A390EB60034AA330A /* Pods-weibodemo.debug.xcconfig */;
			buildSettings = {
				ASSETCATALOG_COMPILER_APPICON_NAME = AppIcon;
				ASSETCATALOG_COMPILER_LAUNCHIMAGE_NAME = LaunchImage;
				CLANG_ENABLE_MODULES = YES;
				INFOPLIST_FILE = weibodemo/Info.plist;
				LD_RUNPATH_SEARCH_PATHS = "$(inherited) @executable_path/Frameworks";
				PRODUCT_BUNDLE_IDENTIFIER = "--.weibodemo";
				PRODUCT_NAME = "$(TARGET_NAME)";
				SWIFT_OPTIMIZATION_LEVEL = "-Onone";
			};
			name = Debug;
		};
		7EC8A4131D5ECBED00020B69 /* Release */ = {
			isa = XCBuildConfiguration;
			baseConfigurationReference = 70163C26D880B20109710C04 /* Pods-weibodemo.release.xcconfig */;
			buildSettings = {
				ASSETCATALOG_COMPILER_APPICON_NAME = AppIcon;
				ASSETCATALOG_COMPILER_LAUNCHIMAGE_NAME = LaunchImage;
				CLANG_ENABLE_MODULES = YES;
				INFOPLIST_FILE = weibodemo/Info.plist;
				LD_RUNPATH_SEARCH_PATHS = "$(inherited) @executable_path/Frameworks";
				PRODUCT_BUNDLE_IDENTIFIER = "--.weibodemo";
				PRODUCT_NAME = "$(TARGET_NAME)";
			};
			name = Release;
		};
/* End XCBuildConfiguration section */

/* Begin XCConfigurationList section */
		7EC8A3FA1D5ECBED00020B69 /* Build configuration list for PBXProject "weibodemo" */ = {
			isa = XCConfigurationList;
			buildConfigurations = (
				7EC8A40F1D5ECBED00020B69 /* Debug */,
				7EC8A4101D5ECBED00020B69 /* Release */,
			);
			defaultConfigurationIsVisible = 0;
			defaultConfigurationName = Release;
		};
		7EC8A4111D5ECBED00020B69 /* Build configuration list for PBXNativeTarget "weibodemo" */ = {
			isa = XCConfigurationList;
			buildConfigurations = (
				7EC8A4121D5ECBED00020B69 /* Debug */,
				7EC8A4131D5ECBED00020B69 /* Release */,
			);
			defaultConfigurationIsVisible = 0;
			defaultConfigurationName = Release;
		};
/* End XCConfigurationList section */
	};
	rootObject = 7EC8A3F71D5ECBED00020B69 /* Project object */;
}
